// !$*UTF8*$!
{
	archiveVersion = 1;
	classes = {
	};
	objectVersion = 51;
	objects = {

/* Begin PBXBuildFile section */
		19BD9A1E4B06D0C0AF454A24 /* Pods_WBooksTests.framework in Frameworks */ = {isa = PBXBuildFile; fileRef = 3ADD2D9F2DF751AE321C0906 /* Pods_WBooksTests.framework */; };
		798EDDF6BDC09C977529BC2A /* Pods_WBooks.framework in Frameworks */ = {isa = PBXBuildFile; fileRef = 8BE228D20F550D4EDE004167 /* Pods_WBooks.framework */; };
		964F5778261DD75A004638D9 /* AppDelegate.swift in Sources */ = {isa = PBXBuildFile; fileRef = 964F5777261DD75A004638D9 /* AppDelegate.swift */; };
		964F577A261DD75A004638D9 /* SceneDelegate.swift in Sources */ = {isa = PBXBuildFile; fileRef = 964F5779261DD75A004638D9 /* SceneDelegate.swift */; };
		964F5781261DD75B004638D9 /* Assets.xcassets in Resources */ = {isa = PBXBuildFile; fileRef = 964F5780261DD75B004638D9 /* Assets.xcassets */; };
		964F578F261DD75B004638D9 /* WBooksTests.swift in Sources */ = {isa = PBXBuildFile; fileRef = 964F578E261DD75B004638D9 /* WBooksTests.swift */; };
		964F579A261DD75B004638D9 /* WBooksUITests.swift in Sources */ = {isa = PBXBuildFile; fileRef = 964F5799261DD75B004638D9 /* WBooksUITests.swift */; };
		968F81FD2620937C007D5C78 /* Localizable.strings in Resources */ = {isa = PBXBuildFile; fileRef = 968F81FF2620937C007D5C78 /* Localizable.strings */; };
		968F82182620D278007D5C78 /* TabBarViewController.swift in Sources */ = {isa = PBXBuildFile; fileRef = 968F82172620D278007D5C78 /* TabBarViewController.swift */; };
		9699E2912624B2AD00D37ACD /* Colors.swift in Sources */ = {isa = PBXBuildFile; fileRef = 9699E2902624B2AD00D37ACD /* Colors.swift */; };
		9699E2992624B47B00D37ACD /* Images.swift in Sources */ = {isa = PBXBuildFile; fileRef = 9699E2982624B47B00D37ACD /* Images.swift */; };
		9699E29E2624B6BC00D37ACD /* Strings.swift in Sources */ = {isa = PBXBuildFile; fileRef = 9699E29D2624B6BC00D37ACD /* Strings.swift */; };
		96A837EC261F625800C2D3D1 /* NibView.swift in Sources */ = {isa = PBXBuildFile; fileRef = 96A837EB261F625800C2D3D1 /* NibView.swift */; };
		96A837F6261F629E00C2D3D1 /* LoginView.swift in Sources */ = {isa = PBXBuildFile; fileRef = 96A837F5261F629E00C2D3D1 /* LoginView.swift */; };
		96A837FB261F62CD00C2D3D1 /* LoginViewController.swift in Sources */ = {isa = PBXBuildFile; fileRef = 96A837FA261F62CD00C2D3D1 /* LoginViewController.swift */; };
		96A8381C261F7C6E00C2D3D1 /* LoginView.xib in Resources */ = {isa = PBXBuildFile; fileRef = 96A8381B261F7C6E00C2D3D1 /* LoginView.xib */; };
		96D6E887261F84AE00C8A00E /* LibraryView.xib in Resources */ = {isa = PBXBuildFile; fileRef = 96D6E886261F84AE00C8A00E /* LibraryView.xib */; };
		96D6E894261F84D200C8A00E /* LibraryView.swift in Sources */ = {isa = PBXBuildFile; fileRef = 96D6E893261F84D200C8A00E /* LibraryView.swift */; };
		96D6E89C261F85C900C8A00E /* LibraryViewController.swift in Sources */ = {isa = PBXBuildFile; fileRef = 96D6E89B261F85C900C8A00E /* LibraryViewController.swift */; };
		96D6E8A2261F87A700C8A00E /* BookCellView.swift in Sources */ = {isa = PBXBuildFile; fileRef = 96D6E8A1261F87A700C8A00E /* BookCellView.swift */; };
		96D6E8AA261F87BA00C8A00E /* BookCellView.xib in Resources */ = {isa = PBXBuildFile; fileRef = 96D6E8A9261F87BA00C8A00E /* BookCellView.xib */; };
		CE7E2D32B5D4E2A692F0F3AC /* Pods_WBooks_WBooksUITests.framework in Frameworks */ = {isa = PBXBuildFile; fileRef = 7A527EFEA5F3E9706231F4BC /* Pods_WBooks_WBooksUITests.framework */; };
/* End PBXBuildFile section */

/* Begin PBXContainerItemProxy section */
		964F578B261DD75B004638D9 /* PBXContainerItemProxy */ = {
			isa = PBXContainerItemProxy;
			containerPortal = 964F576C261DD75A004638D9 /* Project object */;
			proxyType = 1;
			remoteGlobalIDString = 964F5773261DD75A004638D9;
			remoteInfo = WBooks;
		};
		964F5796261DD75B004638D9 /* PBXContainerItemProxy */ = {
			isa = PBXContainerItemProxy;
			containerPortal = 964F576C261DD75A004638D9 /* Project object */;
			proxyType = 1;
			remoteGlobalIDString = 964F5773261DD75A004638D9;
			remoteInfo = WBooks;
		};
/* End PBXContainerItemProxy section */

/* Begin PBXFileReference section */
		10599BF83152BF8A9A323B52 /* Pods-WBooksTests.release.xcconfig */ = {isa = PBXFileReference; includeInIndex = 1; lastKnownFileType = text.xcconfig; name = "Pods-WBooksTests.release.xcconfig"; path = "Target Support Files/Pods-WBooksTests/Pods-WBooksTests.release.xcconfig"; sourceTree = "<group>"; };
		1A588B88C4B18E8919A2B3CC /* Pods-WBooks.release.xcconfig */ = {isa = PBXFileReference; includeInIndex = 1; lastKnownFileType = text.xcconfig; name = "Pods-WBooks.release.xcconfig"; path = "Target Support Files/Pods-WBooks/Pods-WBooks.release.xcconfig"; sourceTree = "<group>"; };
		2F186390B7B30303F3A27FC8 /* Pods-WBooks.debug.xcconfig */ = {isa = PBXFileReference; includeInIndex = 1; lastKnownFileType = text.xcconfig; name = "Pods-WBooks.debug.xcconfig"; path = "Target Support Files/Pods-WBooks/Pods-WBooks.debug.xcconfig"; sourceTree = "<group>"; };
		3ADD2D9F2DF751AE321C0906 /* Pods_WBooksTests.framework */ = {isa = PBXFileReference; explicitFileType = wrapper.framework; includeInIndex = 0; path = Pods_WBooksTests.framework; sourceTree = BUILT_PRODUCTS_DIR; };
		4612D6FFBC33A77F8FB4BCB8 /* Pods-WBooks-WBooksUITests.release.xcconfig */ = {isa = PBXFileReference; includeInIndex = 1; lastKnownFileType = text.xcconfig; name = "Pods-WBooks-WBooksUITests.release.xcconfig"; path = "Target Support Files/Pods-WBooks-WBooksUITests/Pods-WBooks-WBooksUITests.release.xcconfig"; sourceTree = "<group>"; };
		7A527EFEA5F3E9706231F4BC /* Pods_WBooks_WBooksUITests.framework */ = {isa = PBXFileReference; explicitFileType = wrapper.framework; includeInIndex = 0; path = Pods_WBooks_WBooksUITests.framework; sourceTree = BUILT_PRODUCTS_DIR; };
		8BE228D20F550D4EDE004167 /* Pods_WBooks.framework */ = {isa = PBXFileReference; explicitFileType = wrapper.framework; includeInIndex = 0; path = Pods_WBooks.framework; sourceTree = BUILT_PRODUCTS_DIR; };
		926E3C8C1FE931055B9D83C8 /* Pods-WBooksTests.debug.xcconfig */ = {isa = PBXFileReference; includeInIndex = 1; lastKnownFileType = text.xcconfig; name = "Pods-WBooksTests.debug.xcconfig"; path = "Target Support Files/Pods-WBooksTests/Pods-WBooksTests.debug.xcconfig"; sourceTree = "<group>"; };
		96389B0A261DDDDB0050B7AA /* debug.xcconfig */ = {isa = PBXFileReference; lastKnownFileType = text.xcconfig; path = debug.xcconfig; sourceTree = "<group>"; };
		96389B14261DDE040050B7AA /* release.xcconfig */ = {isa = PBXFileReference; lastKnownFileType = text.xcconfig; path = release.xcconfig; sourceTree = "<group>"; };
		964F5774261DD75A004638D9 /* WBooks.app */ = {isa = PBXFileReference; explicitFileType = wrapper.application; includeInIndex = 0; path = WBooks.app; sourceTree = BUILT_PRODUCTS_DIR; };
		964F5777261DD75A004638D9 /* AppDelegate.swift */ = {isa = PBXFileReference; lastKnownFileType = sourcecode.swift; path = AppDelegate.swift; sourceTree = "<group>"; };
		964F5779261DD75A004638D9 /* SceneDelegate.swift */ = {isa = PBXFileReference; lastKnownFileType = sourcecode.swift; path = SceneDelegate.swift; sourceTree = "<group>"; };
		964F5780261DD75B004638D9 /* Assets.xcassets */ = {isa = PBXFileReference; lastKnownFileType = folder.assetcatalog; path = Assets.xcassets; sourceTree = "<group>"; };
		964F5785261DD75B004638D9 /* Info.plist */ = {isa = PBXFileReference; lastKnownFileType = text.plist.xml; path = Info.plist; sourceTree = "<group>"; };
		964F578A261DD75B004638D9 /* WBooksTests.xctest */ = {isa = PBXFileReference; explicitFileType = wrapper.cfbundle; includeInIndex = 0; path = WBooksTests.xctest; sourceTree = BUILT_PRODUCTS_DIR; };
		964F578E261DD75B004638D9 /* WBooksTests.swift */ = {isa = PBXFileReference; lastKnownFileType = sourcecode.swift; path = WBooksTests.swift; sourceTree = "<group>"; };
		964F5790261DD75B004638D9 /* Info.plist */ = {isa = PBXFileReference; lastKnownFileType = text.plist.xml; path = Info.plist; sourceTree = "<group>"; };
		964F5795261DD75B004638D9 /* WBooksUITests.xctest */ = {isa = PBXFileReference; explicitFileType = wrapper.cfbundle; includeInIndex = 0; path = WBooksUITests.xctest; sourceTree = BUILT_PRODUCTS_DIR; };
		964F5799261DD75B004638D9 /* WBooksUITests.swift */ = {isa = PBXFileReference; lastKnownFileType = sourcecode.swift; path = WBooksUITests.swift; sourceTree = "<group>"; };
		964F579B261DD75B004638D9 /* Info.plist */ = {isa = PBXFileReference; lastKnownFileType = text.plist.xml; path = Info.plist; sourceTree = "<group>"; };
		968F81FE2620937C007D5C78 /* en */ = {isa = PBXFileReference; lastKnownFileType = text.plist.strings; name = en; path = en.lproj/Localizable.strings; sourceTree = "<group>"; };
		968F8203262095DB007D5C78 /* es */ = {isa = PBXFileReference; lastKnownFileType = text.plist.strings; name = es; path = es.lproj/Localizable.strings; sourceTree = "<group>"; };
		968F82172620D278007D5C78 /* TabBarViewController.swift */ = {isa = PBXFileReference; lastKnownFileType = sourcecode.swift; path = TabBarViewController.swift; sourceTree = "<group>"; };
		9699E2902624B2AD00D37ACD /* Colors.swift */ = {isa = PBXFileReference; lastKnownFileType = sourcecode.swift; path = Colors.swift; sourceTree = "<group>"; };
		9699E2982624B47B00D37ACD /* Images.swift */ = {isa = PBXFileReference; lastKnownFileType = sourcecode.swift; path = Images.swift; sourceTree = "<group>"; };
		9699E29D2624B6BC00D37ACD /* Strings.swift */ = {isa = PBXFileReference; lastKnownFileType = sourcecode.swift; path = Strings.swift; sourceTree = "<group>"; };
		96A837EB261F625800C2D3D1 /* NibView.swift */ = {isa = PBXFileReference; lastKnownFileType = sourcecode.swift; path = NibView.swift; sourceTree = "<group>"; };
		96A837F5261F629E00C2D3D1 /* LoginView.swift */ = {isa = PBXFileReference; lastKnownFileType = sourcecode.swift; path = LoginView.swift; sourceTree = "<group>"; };
		96A837FA261F62CD00C2D3D1 /* LoginViewController.swift */ = {isa = PBXFileReference; lastKnownFileType = sourcecode.swift; path = LoginViewController.swift; sourceTree = "<group>"; };
		96A8381B261F7C6E00C2D3D1 /* LoginView.xib */ = {isa = PBXFileReference; fileEncoding = 4; lastKnownFileType = file.xib; path = LoginView.xib; sourceTree = "<group>"; };
		96D6E886261F84AE00C8A00E /* LibraryView.xib */ = {isa = PBXFileReference; lastKnownFileType = file.xib; path = LibraryView.xib; sourceTree = "<group>"; };
		96D6E893261F84D200C8A00E /* LibraryView.swift */ = {isa = PBXFileReference; lastKnownFileType = sourcecode.swift; path = LibraryView.swift; sourceTree = "<group>"; };
		96D6E89B261F85C900C8A00E /* LibraryViewController.swift */ = {isa = PBXFileReference; lastKnownFileType = sourcecode.swift; path = LibraryViewController.swift; sourceTree = "<group>"; };
		96D6E8A1261F87A700C8A00E /* BookCellView.swift */ = {isa = PBXFileReference; lastKnownFileType = sourcecode.swift; path = BookCellView.swift; sourceTree = "<group>"; };
		96D6E8A9261F87BA00C8A00E /* BookCellView.xib */ = {isa = PBXFileReference; lastKnownFileType = file.xib; path = BookCellView.xib; sourceTree = "<group>"; };
		E129BE927B2EF733A1F300A2 /* Pods-WBooks-WBooksUITests.debug.xcconfig */ = {isa = PBXFileReference; includeInIndex = 1; lastKnownFileType = text.xcconfig; name = "Pods-WBooks-WBooksUITests.debug.xcconfig"; path = "Target Support Files/Pods-WBooks-WBooksUITests/Pods-WBooks-WBooksUITests.debug.xcconfig"; sourceTree = "<group>"; };
/* End PBXFileReference section */

/* Begin PBXFrameworksBuildPhase section */
		964F5771261DD75A004638D9 /* Frameworks */ = {
			isa = PBXFrameworksBuildPhase;
			buildActionMask = 2147483647;
			files = (
				798EDDF6BDC09C977529BC2A /* Pods_WBooks.framework in Frameworks */,
			);
			runOnlyForDeploymentPostprocessing = 0;
		};
		964F5787261DD75B004638D9 /* Frameworks */ = {
			isa = PBXFrameworksBuildPhase;
			buildActionMask = 2147483647;
			files = (
				19BD9A1E4B06D0C0AF454A24 /* Pods_WBooksTests.framework in Frameworks */,
			);
			runOnlyForDeploymentPostprocessing = 0;
		};
		964F5792261DD75B004638D9 /* Frameworks */ = {
			isa = PBXFrameworksBuildPhase;
			buildActionMask = 2147483647;
			files = (
				CE7E2D32B5D4E2A692F0F3AC /* Pods_WBooks_WBooksUITests.framework in Frameworks */,
			);
			runOnlyForDeploymentPostprocessing = 0;
		};
/* End PBXFrameworksBuildPhase section */

/* Begin PBXGroup section */
		45D40F6FB126620E414ECD66 /* Pods */ = {
			isa = PBXGroup;
			children = (
				2F186390B7B30303F3A27FC8 /* Pods-WBooks.debug.xcconfig */,
				1A588B88C4B18E8919A2B3CC /* Pods-WBooks.release.xcconfig */,
				E129BE927B2EF733A1F300A2 /* Pods-WBooks-WBooksUITests.debug.xcconfig */,
				4612D6FFBC33A77F8FB4BCB8 /* Pods-WBooks-WBooksUITests.release.xcconfig */,
				926E3C8C1FE931055B9D83C8 /* Pods-WBooksTests.debug.xcconfig */,
				10599BF83152BF8A9A323B52 /* Pods-WBooksTests.release.xcconfig */,
			);
			path = Pods;
			sourceTree = "<group>";
		};
		4C578337325CC5CB08FE0469 /* Frameworks */ = {
			isa = PBXGroup;
			children = (
				8BE228D20F550D4EDE004167 /* Pods_WBooks.framework */,
				7A527EFEA5F3E9706231F4BC /* Pods_WBooks_WBooksUITests.framework */,
				3ADD2D9F2DF751AE321C0906 /* Pods_WBooksTests.framework */,
			);
			name = Frameworks;
			sourceTree = "<group>";
		};
		96389B03261DDCD40050B7AA /* Configuration Files */ = {
			isa = PBXGroup;
			children = (
				96389B14261DDE040050B7AA /* release.xcconfig */,
				96389B0A261DDDDB0050B7AA /* debug.xcconfig */,
			);
			path = "Configuration Files";
			sourceTree = "<group>";
		};
		964F576B261DD75A004638D9 = {
			isa = PBXGroup;
			children = (
				968F81FF2620937C007D5C78 /* Localizable.strings */,
				96389B03261DDCD40050B7AA /* Configuration Files */,
				964F5776261DD75A004638D9 /* WBooks */,
				964F578D261DD75B004638D9 /* WBooksTests */,
				964F5798261DD75B004638D9 /* WBooksUITests */,
				964F5775261DD75A004638D9 /* Products */,
				45D40F6FB126620E414ECD66 /* Pods */,
				4C578337325CC5CB08FE0469 /* Frameworks */,
			);
			sourceTree = "<group>";
		};
		964F5775261DD75A004638D9 /* Products */ = {
			isa = PBXGroup;
			children = (
				964F5774261DD75A004638D9 /* WBooks.app */,
				964F578A261DD75B004638D9 /* WBooksTests.xctest */,
				964F5795261DD75B004638D9 /* WBooksUITests.xctest */,
			);
			name = Products;
			sourceTree = "<group>";
		};
		964F5776261DD75A004638D9 /* WBooks */ = {
			isa = PBXGroup;
			children = (
				968F82162620D24A007D5C78 /* TabBar */,
				9699E28F2624B29C00D37ACD /* Extensions */,
				96D6E87D261F845C00C8A00E /* Library */,
				96A837EA261F624600C2D3D1 /* Login */,
				964F5777261DD75A004638D9 /* AppDelegate.swift */,
				964F5779261DD75A004638D9 /* SceneDelegate.swift */,
				964F5780261DD75B004638D9 /* Assets.xcassets */,
				964F5785261DD75B004638D9 /* Info.plist */,
				96A837EB261F625800C2D3D1 /* NibView.swift */,
			);
			path = WBooks;
			sourceTree = "<group>";
		};
		964F578D261DD75B004638D9 /* WBooksTests */ = {
			isa = PBXGroup;
			children = (
				964F578E261DD75B004638D9 /* WBooksTests.swift */,
				964F5790261DD75B004638D9 /* Info.plist */,
			);
			path = WBooksTests;
			sourceTree = "<group>";
		};
		964F5798261DD75B004638D9 /* WBooksUITests */ = {
			isa = PBXGroup;
			children = (
				964F5799261DD75B004638D9 /* WBooksUITests.swift */,
				964F579B261DD75B004638D9 /* Info.plist */,
			);
			path = WBooksUITests;
			sourceTree = "<group>";
		};
		968F82162620D24A007D5C78 /* TabBar */ = {
			isa = PBXGroup;
			children = (
				968F82172620D278007D5C78 /* TabBarViewController.swift */,
			);
			path = TabBar;
			sourceTree = "<group>";
		};
		9699E28F2624B29C00D37ACD /* Extensions */ = {
			isa = PBXGroup;
			children = (
				9699E2902624B2AD00D37ACD /* Colors.swift */,
				9699E2982624B47B00D37ACD /* Images.swift */,
				9699E29D2624B6BC00D37ACD /* Strings.swift */,
			);
			path = Extensions;
			sourceTree = "<group>";
		};
		96A837EA261F624600C2D3D1 /* Login */ = {
			isa = PBXGroup;
			children = (
				96A8381B261F7C6E00C2D3D1 /* LoginView.xib */,
				96A837F5261F629E00C2D3D1 /* LoginView.swift */,
				96A837FA261F62CD00C2D3D1 /* LoginViewController.swift */,
			);
			path = Login;
			sourceTree = "<group>";
		};
		96D6E87D261F845C00C8A00E /* Library */ = {
			isa = PBXGroup;
			children = (
				96D6E8A0261F872C00C8A00E /* BookCell */,
				96D6E886261F84AE00C8A00E /* LibraryView.xib */,
				96D6E893261F84D200C8A00E /* LibraryView.swift */,
				96D6E89B261F85C900C8A00E /* LibraryViewController.swift */,
			);
			path = Library;
			sourceTree = "<group>";
		};
		96D6E8A0261F872C00C8A00E /* BookCell */ = {
			isa = PBXGroup;
			children = (
				96D6E8A1261F87A700C8A00E /* BookCellView.swift */,
				96D6E8A9261F87BA00C8A00E /* BookCellView.xib */,
			);
			path = BookCell;
			sourceTree = "<group>";
		};
/* End PBXGroup section */

/* Begin PBXNativeTarget section */
		964F5773261DD75A004638D9 /* WBooks */ = {
			isa = PBXNativeTarget;
			buildConfigurationList = 964F579E261DD75B004638D9 /* Build configuration list for PBXNativeTarget "WBooks" */;
			buildPhases = (
				8ABC4E65BDB6F005C378932C /* [CP] Check Pods Manifest.lock */,
				964F5770261DD75A004638D9 /* Sources */,
				964F5771261DD75A004638D9 /* Frameworks */,
				964F5772261DD75A004638D9 /* Resources */,
				0502645E1EF1D2E47CDC0CAD /* [CP] Embed Pods Frameworks */,
			);
			buildRules = (
			);
			dependencies = (
			);
			name = WBooks;
			productName = WBooks;
			productReference = 964F5774261DD75A004638D9 /* WBooks.app */;
			productType = "com.apple.product-type.application";
		};
		964F5789261DD75B004638D9 /* WBooksTests */ = {
			isa = PBXNativeTarget;
			buildConfigurationList = 964F57A1261DD75B004638D9 /* Build configuration list for PBXNativeTarget "WBooksTests" */;
			buildPhases = (
				918AAB7FB946E343116878D2 /* [CP] Check Pods Manifest.lock */,
				964F5786261DD75B004638D9 /* Sources */,
				964F5787261DD75B004638D9 /* Frameworks */,
				964F5788261DD75B004638D9 /* Resources */,
			);
			buildRules = (
			);
			dependencies = (
				964F578C261DD75B004638D9 /* PBXTargetDependency */,
			);
			name = WBooksTests;
			productName = WBooksTests;
			productReference = 964F578A261DD75B004638D9 /* WBooksTests.xctest */;
			productType = "com.apple.product-type.bundle.unit-test";
		};
		964F5794261DD75B004638D9 /* WBooksUITests */ = {
			isa = PBXNativeTarget;
			buildConfigurationList = 964F57A4261DD75B004638D9 /* Build configuration list for PBXNativeTarget "WBooksUITests" */;
			buildPhases = (
				FE649FE488E5349A943B35A2 /* [CP] Check Pods Manifest.lock */,
				964F5791261DD75B004638D9 /* Sources */,
				964F5792261DD75B004638D9 /* Frameworks */,
				964F5793261DD75B004638D9 /* Resources */,
				E68B7EFC1424190B85CA5EDD /* [CP] Embed Pods Frameworks */,
			);
			buildRules = (
			);
			dependencies = (
				964F5797261DD75B004638D9 /* PBXTargetDependency */,
			);
			name = WBooksUITests;
			productName = WBooksUITests;
			productReference = 964F5795261DD75B004638D9 /* WBooksUITests.xctest */;
			productType = "com.apple.product-type.bundle.ui-testing";
		};
/* End PBXNativeTarget section */

/* Begin PBXProject section */
		964F576C261DD75A004638D9 /* Project object */ = {
			isa = PBXProject;
			attributes = {
				LastSwiftUpdateCheck = 1240;
				LastUpgradeCheck = 1240;
				TargetAttributes = {
					964F5773261DD75A004638D9 = {
						CreatedOnToolsVersion = 12.4;
					};
					964F5789261DD75B004638D9 = {
						CreatedOnToolsVersion = 12.4;
						TestTargetID = 964F5773261DD75A004638D9;
					};
					964F5794261DD75B004638D9 = {
						CreatedOnToolsVersion = 12.4;
						TestTargetID = 964F5773261DD75A004638D9;
					};
				};
			};
			buildConfigurationList = 964F576F261DD75A004638D9 /* Build configuration list for PBXProject "WBooks" */;
			compatibilityVersion = "Xcode 9.3";
			developmentRegion = en;
			hasScannedForEncodings = 0;
			knownRegions = (
				en,
				Base,
				es,
			);
			mainGroup = 964F576B261DD75A004638D9;
			productRefGroup = 964F5775261DD75A004638D9 /* Products */;
			projectDirPath = "";
			projectRoot = "";
			targets = (
				964F5773261DD75A004638D9 /* WBooks */,
				964F5789261DD75B004638D9 /* WBooksTests */,
				964F5794261DD75B004638D9 /* WBooksUITests */,
			);
		};
/* End PBXProject section */

/* Begin PBXResourcesBuildPhase section */
		964F5772261DD75A004638D9 /* Resources */ = {
			isa = PBXResourcesBuildPhase;
			buildActionMask = 2147483647;
			files = (
				96D6E887261F84AE00C8A00E /* LibraryView.xib in Resources */,
				96A8381C261F7C6E00C2D3D1 /* LoginView.xib in Resources */,
				964F5781261DD75B004638D9 /* Assets.xcassets in Resources */,
				96D6E8AA261F87BA00C8A00E /* BookCellView.xib in Resources */,
				968F81FD2620937C007D5C78 /* Localizable.strings in Resources */,
			);
			runOnlyForDeploymentPostprocessing = 0;
		};
		964F5788261DD75B004638D9 /* Resources */ = {
			isa = PBXResourcesBuildPhase;
			buildActionMask = 2147483647;
			files = (
			);
			runOnlyForDeploymentPostprocessing = 0;
		};
		964F5793261DD75B004638D9 /* Resources */ = {
			isa = PBXResourcesBuildPhase;
			buildActionMask = 2147483647;
			files = (
			);
			runOnlyForDeploymentPostprocessing = 0;
		};
/* End PBXResourcesBuildPhase section */

/* Begin PBXShellScriptBuildPhase section */
		0502645E1EF1D2E47CDC0CAD /* [CP] Embed Pods Frameworks */ = {
			isa = PBXShellScriptBuildPhase;
			buildActionMask = 2147483647;
			files = (
			);
			inputFileListPaths = (
				"${PODS_ROOT}/Target Support Files/Pods-WBooks/Pods-WBooks-frameworks-${CONFIGURATION}-input-files.xcfilelist",
			);
			name = "[CP] Embed Pods Frameworks";
			outputFileListPaths = (
				"${PODS_ROOT}/Target Support Files/Pods-WBooks/Pods-WBooks-frameworks-${CONFIGURATION}-output-files.xcfilelist",
			);
			runOnlyForDeploymentPostprocessing = 0;
			shellPath = /bin/sh;
			shellScript = "\"${PODS_ROOT}/Target Support Files/Pods-WBooks/Pods-WBooks-frameworks.sh\"\n";
			showEnvVarsInLog = 0;
		};
		8ABC4E65BDB6F005C378932C /* [CP] Check Pods Manifest.lock */ = {
			isa = PBXShellScriptBuildPhase;
			buildActionMask = 2147483647;
			files = (
			);
			inputFileListPaths = (
			);
			inputPaths = (
				"${PODS_PODFILE_DIR_PATH}/Podfile.lock",
				"${PODS_ROOT}/Manifest.lock",
			);
			name = "[CP] Check Pods Manifest.lock";
			outputFileListPaths = (
			);
			outputPaths = (
				"$(DERIVED_FILE_DIR)/Pods-WBooks-checkManifestLockResult.txt",
			);
			runOnlyForDeploymentPostprocessing = 0;
			shellPath = /bin/sh;
			shellScript = "diff \"${PODS_PODFILE_DIR_PATH}/Podfile.lock\" \"${PODS_ROOT}/Manifest.lock\" > /dev/null\nif [ $? != 0 ] ; then\n    # print error to STDERR\n    echo \"error: The sandbox is not in sync with the Podfile.lock. Run 'pod install' or update your CocoaPods installation.\" >&2\n    exit 1\nfi\n# This output is used by Xcode 'outputs' to avoid re-running this script phase.\necho \"SUCCESS\" > \"${SCRIPT_OUTPUT_FILE_0}\"\n";
			showEnvVarsInLog = 0;
		};
		918AAB7FB946E343116878D2 /* [CP] Check Pods Manifest.lock */ = {
			isa = PBXShellScriptBuildPhase;
			buildActionMask = 2147483647;
			files = (
			);
			inputFileListPaths = (
			);
			inputPaths = (
				"${PODS_PODFILE_DIR_PATH}/Podfile.lock",
				"${PODS_ROOT}/Manifest.lock",
			);
			name = "[CP] Check Pods Manifest.lock";
			outputFileListPaths = (
			);
			outputPaths = (
				"$(DERIVED_FILE_DIR)/Pods-WBooksTests-checkManifestLockResult.txt",
			);
			runOnlyForDeploymentPostprocessing = 0;
			shellPath = /bin/sh;
			shellScript = "diff \"${PODS_PODFILE_DIR_PATH}/Podfile.lock\" \"${PODS_ROOT}/Manifest.lock\" > /dev/null\nif [ $? != 0 ] ; then\n    # print error to STDERR\n    echo \"error: The sandbox is not in sync with the Podfile.lock. Run 'pod install' or update your CocoaPods installation.\" >&2\n    exit 1\nfi\n# This output is used by Xcode 'outputs' to avoid re-running this script phase.\necho \"SUCCESS\" > \"${SCRIPT_OUTPUT_FILE_0}\"\n";
			showEnvVarsInLog = 0;
		};
		E68B7EFC1424190B85CA5EDD /* [CP] Embed Pods Frameworks */ = {
			isa = PBXShellScriptBuildPhase;
			buildActionMask = 2147483647;
			files = (
			);
			inputFileListPaths = (
				"${PODS_ROOT}/Target Support Files/Pods-WBooks-WBooksUITests/Pods-WBooks-WBooksUITests-frameworks-${CONFIGURATION}-input-files.xcfilelist",
			);
			name = "[CP] Embed Pods Frameworks";
			outputFileListPaths = (
				"${PODS_ROOT}/Target Support Files/Pods-WBooks-WBooksUITests/Pods-WBooks-WBooksUITests-frameworks-${CONFIGURATION}-output-files.xcfilelist",
			);
			runOnlyForDeploymentPostprocessing = 0;
			shellPath = /bin/sh;
			shellScript = "\"${PODS_ROOT}/Target Support Files/Pods-WBooks-WBooksUITests/Pods-WBooks-WBooksUITests-frameworks.sh\"\n";
			showEnvVarsInLog = 0;
		};
		FE649FE488E5349A943B35A2 /* [CP] Check Pods Manifest.lock */ = {
			isa = PBXShellScriptBuildPhase;
			buildActionMask = 2147483647;
			files = (
			);
			inputFileListPaths = (
			);
			inputPaths = (
				"${PODS_PODFILE_DIR_PATH}/Podfile.lock",
				"${PODS_ROOT}/Manifest.lock",
			);
			name = "[CP] Check Pods Manifest.lock";
			outputFileListPaths = (
			);
			outputPaths = (
				"$(DERIVED_FILE_DIR)/Pods-WBooks-WBooksUITests-checkManifestLockResult.txt",
			);
			runOnlyForDeploymentPostprocessing = 0;
			shellPath = /bin/sh;
			shellScript = "diff \"${PODS_PODFILE_DIR_PATH}/Podfile.lock\" \"${PODS_ROOT}/Manifest.lock\" > /dev/null\nif [ $? != 0 ] ; then\n    # print error to STDERR\n    echo \"error: The sandbox is not in sync with the Podfile.lock. Run 'pod install' or update your CocoaPods installation.\" >&2\n    exit 1\nfi\n# This output is used by Xcode 'outputs' to avoid re-running this script phase.\necho \"SUCCESS\" > \"${SCRIPT_OUTPUT_FILE_0}\"\n";
			showEnvVarsInLog = 0;
		};
/* End PBXShellScriptBuildPhase section */

/* Begin PBXSourcesBuildPhase section */
		964F5770261DD75A004638D9 /* Sources */ = {
			isa = PBXSourcesBuildPhase;
			buildActionMask = 2147483647;
			files = (
				968F82182620D278007D5C78 /* TabBarViewController.swift in Sources */,
				9699E29E2624B6BC00D37ACD /* Strings.swift in Sources */,
				9699E2912624B2AD00D37ACD /* Colors.swift in Sources */,
				96D6E894261F84D200C8A00E /* LibraryView.swift in Sources */,
				96A837FB261F62CD00C2D3D1 /* LoginViewController.swift in Sources */,
				96A837EC261F625800C2D3D1 /* NibView.swift in Sources */,
				96D6E8A2261F87A700C8A00E /* BookCellView.swift in Sources */,
				964F5778261DD75A004638D9 /* AppDelegate.swift in Sources */,
				9699E2992624B47B00D37ACD /* Images.swift in Sources */,
				96D6E89C261F85C900C8A00E /* LibraryViewController.swift in Sources */,
				96A837F6261F629E00C2D3D1 /* LoginView.swift in Sources */,
				964F577A261DD75A004638D9 /* SceneDelegate.swift in Sources */,
			);
			runOnlyForDeploymentPostprocessing = 0;
		};
		964F5786261DD75B004638D9 /* Sources */ = {
			isa = PBXSourcesBuildPhase;
			buildActionMask = 2147483647;
			files = (
				964F578F261DD75B004638D9 /* WBooksTests.swift in Sources */,
			);
			runOnlyForDeploymentPostprocessing = 0;
		};
		964F5791261DD75B004638D9 /* Sources */ = {
			isa = PBXSourcesBuildPhase;
			buildActionMask = 2147483647;
			files = (
				964F579A261DD75B004638D9 /* WBooksUITests.swift in Sources */,
			);
			runOnlyForDeploymentPostprocessing = 0;
		};
/* End PBXSourcesBuildPhase section */

/* Begin PBXTargetDependency section */
		964F578C261DD75B004638D9 /* PBXTargetDependency */ = {
			isa = PBXTargetDependency;
			target = 964F5773261DD75A004638D9 /* WBooks */;
			targetProxy = 964F578B261DD75B004638D9 /* PBXContainerItemProxy */;
		};
		964F5797261DD75B004638D9 /* PBXTargetDependency */ = {
			isa = PBXTargetDependency;
			target = 964F5773261DD75A004638D9 /* WBooks */;
			targetProxy = 964F5796261DD75B004638D9 /* PBXContainerItemProxy */;
		};
/* End PBXTargetDependency section */

/* Begin PBXVariantGroup section */
		968F81FF2620937C007D5C78 /* Localizable.strings */ = {
			isa = PBXVariantGroup;
			children = (
				968F81FE2620937C007D5C78 /* en */,
				968F8203262095DB007D5C78 /* es */,
			);
			name = Localizable.strings;
			sourceTree = "<group>";
		};
/* End PBXVariantGroup section */

/* Begin XCBuildConfiguration section */
		964F579C261DD75B004638D9 /* Debug */ = {
			isa = XCBuildConfiguration;
			baseConfigurationReference = 96389B0A261DDDDB0050B7AA /* debug.xcconfig */;
			buildSettings = {
				ALWAYS_SEARCH_USER_PATHS = NO;
				CLANG_ANALYZER_LOCALIZABILITY_NONLOCALIZED = YES;
				CLANG_ANALYZER_NONNULL = YES;
				CLANG_ANALYZER_NUMBER_OBJECT_CONVERSION = YES_AGGRESSIVE;
				CLANG_CXX_LANGUAGE_STANDARD = "gnu++14";
				CLANG_CXX_LIBRARY = "libc++";
				CLANG_ENABLE_MODULES = YES;
				CLANG_ENABLE_OBJC_ARC = YES;
				CLANG_ENABLE_OBJC_WEAK = YES;
				CLANG_WARN_BLOCK_CAPTURE_AUTORELEASING = YES;
				CLANG_WARN_BOOL_CONVERSION = YES;
				CLANG_WARN_COMMA = YES;
				CLANG_WARN_CONSTANT_CONVERSION = YES;
				CLANG_WARN_DEPRECATED_OBJC_IMPLEMENTATIONS = YES;
				CLANG_WARN_DIRECT_OBJC_ISA_USAGE = YES_ERROR;
				CLANG_WARN_DOCUMENTATION_COMMENTS = YES;
				CLANG_WARN_EMPTY_BODY = YES;
				CLANG_WARN_ENUM_CONVERSION = YES;
				CLANG_WARN_INFINITE_RECURSION = YES;
				CLANG_WARN_INT_CONVERSION = YES;
				CLANG_WARN_NON_LITERAL_NULL_CONVERSION = YES;
				CLANG_WARN_OBJC_IMPLICIT_RETAIN_SELF = YES;
				CLANG_WARN_OBJC_LITERAL_CONVERSION = YES;
				CLANG_WARN_OBJC_ROOT_CLASS = YES_ERROR;
				CLANG_WARN_QUOTED_INCLUDE_IN_FRAMEWORK_HEADER = YES;
				CLANG_WARN_RANGE_LOOP_ANALYSIS = YES;
				CLANG_WARN_STRICT_PROTOTYPES = YES;
				CLANG_WARN_SUSPICIOUS_MOVE = YES;
				CLANG_WARN_UNGUARDED_AVAILABILITY = YES_AGGRESSIVE;
				CLANG_WARN_UNREACHABLE_CODE = YES;
				CLANG_WARN__DUPLICATE_METHOD_MATCH = YES;
				COPY_PHASE_STRIP = NO;
				DEBUG_INFORMATION_FORMAT = dwarf;
				ENABLE_STRICT_OBJC_MSGSEND = YES;
				ENABLE_TESTABILITY = YES;
				GCC_C_LANGUAGE_STANDARD = gnu11;
				GCC_DYNAMIC_NO_PIC = NO;
				GCC_NO_COMMON_BLOCKS = YES;
				GCC_OPTIMIZATION_LEVEL = 0;
				GCC_PREPROCESSOR_DEFINITIONS = (
					"DEBUG=1",
					"$(inherited)",
				);
				GCC_WARN_64_TO_32_BIT_CONVERSION = YES;
				GCC_WARN_ABOUT_RETURN_TYPE = YES_ERROR;
				GCC_WARN_UNDECLARED_SELECTOR = YES;
				GCC_WARN_UNINITIALIZED_AUTOS = YES_AGGRESSIVE;
				GCC_WARN_UNUSED_FUNCTION = YES;
				GCC_WARN_UNUSED_VARIABLE = YES;
				IPHONEOS_DEPLOYMENT_TARGET = 14.4;
				MTL_ENABLE_DEBUG_INFO = INCLUDE_SOURCE;
				MTL_FAST_MATH = YES;
				ONLY_ACTIVE_ARCH = YES;
				SDKROOT = iphoneos;
				SWIFT_ACTIVE_COMPILATION_CONDITIONS = DEBUG;
				SWIFT_OPTIMIZATION_LEVEL = "-Onone";
			};
			name = Debug;
		};
		964F579D261DD75B004638D9 /* Release */ = {
			isa = XCBuildConfiguration;
			baseConfigurationReference = 96389B14261DDE040050B7AA /* release.xcconfig */;
			buildSettings = {
				ALWAYS_SEARCH_USER_PATHS = NO;
				CLANG_ANALYZER_LOCALIZABILITY_NONLOCALIZED = YES;
				CLANG_ANALYZER_NONNULL = YES;
				CLANG_ANALYZER_NUMBER_OBJECT_CONVERSION = YES_AGGRESSIVE;
				CLANG_CXX_LANGUAGE_STANDARD = "gnu++14";
				CLANG_CXX_LIBRARY = "libc++";
				CLANG_ENABLE_MODULES = YES;
				CLANG_ENABLE_OBJC_ARC = YES;
				CLANG_ENABLE_OBJC_WEAK = YES;
				CLANG_WARN_BLOCK_CAPTURE_AUTORELEASING = YES;
				CLANG_WARN_BOOL_CONVERSION = YES;
				CLANG_WARN_COMMA = YES;
				CLANG_WARN_CONSTANT_CONVERSION = YES;
				CLANG_WARN_DEPRECATED_OBJC_IMPLEMENTATIONS = YES;
				CLANG_WARN_DIRECT_OBJC_ISA_USAGE = YES_ERROR;
				CLANG_WARN_DOCUMENTATION_COMMENTS = YES;
				CLANG_WARN_EMPTY_BODY = YES;
				CLANG_WARN_ENUM_CONVERSION = YES;
				CLANG_WARN_INFINITE_RECURSION = YES;
				CLANG_WARN_INT_CONVERSION = YES;
				CLANG_WARN_NON_LITERAL_NULL_CONVERSION = YES;
				CLANG_WARN_OBJC_IMPLICIT_RETAIN_SELF = YES;
				CLANG_WARN_OBJC_LITERAL_CONVERSION = YES;
				CLANG_WARN_OBJC_ROOT_CLASS = YES_ERROR;
				CLANG_WARN_QUOTED_INCLUDE_IN_FRAMEWORK_HEADER = YES;
				CLANG_WARN_RANGE_LOOP_ANALYSIS = YES;
				CLANG_WARN_STRICT_PROTOTYPES = YES;
				CLANG_WARN_SUSPICIOUS_MOVE = YES;
				CLANG_WARN_UNGUARDED_AVAILABILITY = YES_AGGRESSIVE;
				CLANG_WARN_UNREACHABLE_CODE = YES;
				CLANG_WARN__DUPLICATE_METHOD_MATCH = YES;
				COPY_PHASE_STRIP = NO;
				DEBUG_INFORMATION_FORMAT = "dwarf-with-dsym";
				ENABLE_NS_ASSERTIONS = NO;
				ENABLE_STRICT_OBJC_MSGSEND = YES;
				GCC_C_LANGUAGE_STANDARD = gnu11;
				GCC_NO_COMMON_BLOCKS = YES;
				GCC_WARN_64_TO_32_BIT_CONVERSION = YES;
				GCC_WARN_ABOUT_RETURN_TYPE = YES_ERROR;
				GCC_WARN_UNDECLARED_SELECTOR = YES;
				GCC_WARN_UNINITIALIZED_AUTOS = YES_AGGRESSIVE;
				GCC_WARN_UNUSED_FUNCTION = YES;
				GCC_WARN_UNUSED_VARIABLE = YES;
				IPHONEOS_DEPLOYMENT_TARGET = 14.4;
				MTL_ENABLE_DEBUG_INFO = NO;
				MTL_FAST_MATH = YES;
				SDKROOT = iphoneos;
				SWIFT_COMPILATION_MODE = wholemodule;
				SWIFT_OPTIMIZATION_LEVEL = "-O";
				VALIDATE_PRODUCT = YES;
			};
			name = Release;
		};
		964F579F261DD75B004638D9 /* Debug */ = {
			isa = XCBuildConfiguration;
			baseConfigurationReference = 2F186390B7B30303F3A27FC8 /* Pods-WBooks.debug.xcconfig */;
			buildSettings = {
				ASSETCATALOG_COMPILER_APPICON_NAME = AppIcon;
				ASSETCATALOG_COMPILER_GLOBAL_ACCENT_COLOR_NAME = AccentColor;
				CODE_SIGN_STYLE = Automatic;
				INFOPLIST_FILE = WBooks/Info.plist;
				LD_RUNPATH_SEARCH_PATHS = (
					"$(inherited)",
					"@executable_path/Frameworks",
				);
				PRODUCT_BUNDLE_IDENTIFIER = com.example.WBooks;
				PRODUCT_NAME = "$(TARGET_NAME)";
				SWIFT_VERSION = 5.0;
				TARGETED_DEVICE_FAMILY = "1,2";
			};
			name = Debug;
		};
		964F57A0261DD75B004638D9 /* Release */ = {
			isa = XCBuildConfiguration;
			baseConfigurationReference = 1A588B88C4B18E8919A2B3CC /* Pods-WBooks.release.xcconfig */;
			buildSettings = {
				ASSETCATALOG_COMPILER_APPICON_NAME = AppIcon;
				ASSETCATALOG_COMPILER_GLOBAL_ACCENT_COLOR_NAME = AccentColor;
				CODE_SIGN_STYLE = Automatic;
				INFOPLIST_FILE = WBooks/Info.plist;
				LD_RUNPATH_SEARCH_PATHS = (
					"$(inherited)",
					"@executable_path/Frameworks",
				);
				PRODUCT_BUNDLE_IDENTIFIER = com.example.WBooks;
				PRODUCT_NAME = "$(TARGET_NAME)";
				SWIFT_VERSION = 5.0;
				TARGETED_DEVICE_FAMILY = "1,2";
			};
			name = Release;
		};
		964F57A2261DD75B004638D9 /* Debug */ = {
			isa = XCBuildConfiguration;
			baseConfigurationReference = 926E3C8C1FE931055B9D83C8 /* Pods-WBooksTests.debug.xcconfig */;
			buildSettings = {
				ALWAYS_EMBED_SWIFT_STANDARD_LIBRARIES = YES;
				BUNDLE_LOADER = "$(TEST_HOST)";
				CODE_SIGN_STYLE = Automatic;
				INFOPLIST_FILE = WBooksTests/Info.plist;
				IPHONEOS_DEPLOYMENT_TARGET = 14.4;
				LD_RUNPATH_SEARCH_PATHS = (
					"$(inherited)",
					"@executable_path/Frameworks",
					"@loader_path/Frameworks",
				);
				PRODUCT_BUNDLE_IDENTIFIER = com.example.WBooksTests;
				PRODUCT_NAME = "$(TARGET_NAME)";
				SWIFT_VERSION = 5.0;
				TARGETED_DEVICE_FAMILY = "1,2";
				TEST_HOST = "$(BUILT_PRODUCTS_DIR)/WBooks.app/WBooks";
			};
			name = Debug;
		};
		964F57A3261DD75B004638D9 /* Release */ = {
			isa = XCBuildConfiguration;
			baseConfigurationReference = 10599BF83152BF8A9A323B52 /* Pods-WBooksTests.release.xcconfig */;
			buildSettings = {
				ALWAYS_EMBED_SWIFT_STANDARD_LIBRARIES = YES;
				BUNDLE_LOADER = "$(TEST_HOST)";
				CODE_SIGN_STYLE = Automatic;
				INFOPLIST_FILE = WBooksTests/Info.plist;
				IPHONEOS_DEPLOYMENT_TARGET = 14.4;
				LD_RUNPATH_SEARCH_PATHS = (
					"$(inherited)",
					"@executable_path/Frameworks",
					"@loader_path/Frameworks",
				);
				PRODUCT_BUNDLE_IDENTIFIER = com.example.WBooksTests;
				PRODUCT_NAME = "$(TARGET_NAME)";
				SWIFT_VERSION = 5.0;
				TARGETED_DEVICE_FAMILY = "1,2";
				TEST_HOST = "$(BUILT_PRODUCTS_DIR)/WBooks.app/WBooks";
			};
			name = Release;
		};
		964F57A5261DD75B004638D9 /* Debug */ = {
			isa = XCBuildConfiguration;
			baseConfigurationReference = E129BE927B2EF733A1F300A2 /* Pods-WBooks-WBooksUITests.debug.xcconfig */;
			buildSettings = {
				ALWAYS_EMBED_SWIFT_STANDARD_LIBRARIES = YES;
				CODE_SIGN_STYLE = Automatic;
				INFOPLIST_FILE = WBooksUITests/Info.plist;
				LD_RUNPATH_SEARCH_PATHS = (
					"$(inherited)",
					"@executable_path/Frameworks",
					"@loader_path/Frameworks",
				);
				PRODUCT_BUNDLE_IDENTIFIER = com.example.WBooksUITests;
				PRODUCT_NAME = "$(TARGET_NAME)";
				SWIFT_VERSION = 5.0;
				TARGETED_DEVICE_FAMILY = "1,2";
				TEST_TARGET_NAME = WBooks;
			};
			name = Debug;
		};
		964F57A6261DD75B004638D9 /* Release */ = {
			isa = XCBuildConfiguration;
			baseConfigurationReference = 4612D6FFBC33A77F8FB4BCB8 /* Pods-WBooks-WBooksUITests.release.xcconfig */;
			buildSettings = {
				ALWAYS_EMBED_SWIFT_STANDARD_LIBRARIES = YES;
				CODE_SIGN_STYLE = Automatic;
				INFOPLIST_FILE = WBooksUITests/Info.plist;
				LD_RUNPATH_SEARCH_PATHS = (
					"$(inherited)",
					"@executable_path/Frameworks",
					"@loader_path/Frameworks",
				);
				PRODUCT_BUNDLE_IDENTIFIER = com.example.WBooksUITests;
				PRODUCT_NAME = "$(TARGET_NAME)";
				SWIFT_VERSION = 5.0;
				TARGETED_DEVICE_FAMILY = "1,2";
				TEST_TARGET_NAME = WBooks;
			};
			name = Release;
		};
/* End XCBuildConfiguration section */

/* Begin XCConfigurationList section */
		964F576F261DD75A004638D9 /* Build configuration list for PBXProject "WBooks" */ = {
			isa = XCConfigurationList;
			buildConfigurations = (
				964F579C261DD75B004638D9 /* Debug */,
				964F579D261DD75B004638D9 /* Release */,
			);
			defaultConfigurationIsVisible = 0;
			defaultConfigurationName = Release;
		};
		964F579E261DD75B004638D9 /* Build configuration list for PBXNativeTarget "WBooks" */ = {
			isa = XCConfigurationList;
			buildConfigurations = (
				964F579F261DD75B004638D9 /* Debug */,
				964F57A0261DD75B004638D9 /* Release */,
			);
			defaultConfigurationIsVisible = 0;
			defaultConfigurationName = Release;
		};
		964F57A1261DD75B004638D9 /* Build configuration list for PBXNativeTarget "WBooksTests" */ = {
			isa = XCConfigurationList;
			buildConfigurations = (
				964F57A2261DD75B004638D9 /* Debug */,
				964F57A3261DD75B004638D9 /* Release */,
			);
			defaultConfigurationIsVisible = 0;
			defaultConfigurationName = Release;
		};
		964F57A4261DD75B004638D9 /* Build configuration list for PBXNativeTarget "WBooksUITests" */ = {
			isa = XCConfigurationList;
			buildConfigurations = (
				964F57A5261DD75B004638D9 /* Debug */,
				964F57A6261DD75B004638D9 /* Release */,
			);
			defaultConfigurationIsVisible = 0;
			defaultConfigurationName = Release;
		};
/* End XCConfigurationList section */
	};
	rootObject = 964F576C261DD75A004638D9 /* Project object */;
}
